
Microsoft Visual Studio Solution File, Format Version 12.00
# Visual Studio Version 17
VisualStudioVersion = 17.10.35004.147
MinimumVisualStudioVersion = 10.0.40219.1
Project("{9A19103F-16F7-4668-BE54-9A1E7A4F7556}") = "api.reunion", "api.reunion\api.reunion.csproj", "{60A974B4-C6C4-4109-84DB-D016DC4D3DF8}"
EndProject
Project("{9A19103F-16F7-4668-BE54-9A1E7A4F7556}") = "web.reunion", "web.reunion\web.reunion.csproj", "{0336525B-39D8-4BCA-9A5E-494621C973E6}"
EndProject
Global
	GlobalSection(SolutionConfigurationPlatforms) = preSolution
		Debug|Any CPU = Debug|Any CPU
		Release|Any CPU = Release|Any CPU
	EndGlobalSection
	GlobalSection(ProjectConfigurationPlatforms) = postSolution
		{60A974B4-C6C4-4109-84DB-D016DC4D3DF8}.Debug|Any CPU.ActiveCfg = Debug|Any CPU
		{60A974B4-C6C4-4109-84DB-D016DC4D3DF8}.Debug|Any CPU.Build.0 = Debug|Any CPU
		{60A974B4-C6C4-4109-84DB-D016DC4D3DF8}.Release|Any CPU.ActiveCfg = Release|Any CPU
		{60A974B4-C6C4-4109-84DB-D016DC4D3DF8}.Release|Any CPU.Build.0 = Release|Any CPU
		{0336525B-39D8-4BCA-9A5E-494621C973E6}.Debug|Any CPU.ActiveCfg = Debug|Any CPU
		{0336525B-39D8-4BCA-9A5E-494621C973E6}.Debug|Any CPU.Build.0 = Debug|Any CPU
		{0336525B-39D8-4BCA-9A5E-494621C973E6}.Release|Any CPU.ActiveCfg = Release|Any CPU
		{0336525B-39D8-4BCA-9A5E-494621C973E6}.Release|Any CPU.Build.0 = Release|Any CPU
	EndGlobalSection
	GlobalSection(SolutionProperties) = preSolution
		HideSolutionNode = FALSE
	EndGlobalSection
	GlobalSection(ExtensibilityGlobals) = postSolution
		SolutionGuid = {1DDA4F86-3697-4545-AE2F-9182255B41D2}
	EndGlobalSection
EndGlobal
